
Microsoft Visual Studio Solution File, Format Version 11.00
# Visual Studio 2010
Project("{FAE04EC0-301F-11D3-BF4B-00C04F79EFBC}") = "Assembly-CSharp", "Assembly-CSharp.csproj", "{D7DCF641-0986-7ACA-A66C-AA73F2CE6DD2}"
EndProject
Project("{FAE04EC0-301F-11D3-BF4B-00C04F79EFBC}") = "Assembly-CSharp-Editor", "Assembly-CSharp-Editor.csproj", "{DC5F8E30-F0DA-E70E-374E-238707A39106}"
EndProject
Global
	GlobalSection(SolutionConfigurationPlatforms) = preSolution
		Debug|Any CPU = Debug|Any CPU
		Release|Any CPU = Release|Any CPU
	EndGlobalSection
	GlobalSection(ProjectConfigurationPlatforms) = postSolution
		{D7DCF641-0986-7ACA-A66C-AA73F2CE6DD2}.Debug|Any CPU.ActiveCfg = Debug|Any CPU
		{D7DCF641-0986-7ACA-A66C-AA73F2CE6DD2}.Debug|Any CPU.Build.0 = Debug|Any CPU
		{D7DCF641-0986-7ACA-A66C-AA73F2CE6DD2}.Release|Any CPU.ActiveCfg = Release|Any CPU
		{D7DCF641-0986-7ACA-A66C-AA73F2CE6DD2}.Release|Any CPU.Build.0 = Release|Any CPU
		{DC5F8E30-F0DA-E70E-374E-238707A39106}.Debug|Any CPU.ActiveCfg = Debug|Any CPU
		{DC5F8E30-F0DA-E70E-374E-238707A39106}.Debug|Any CPU.Build.0 = Debug|Any CPU
		{DC5F8E30-F0DA-E70E-374E-238707A39106}.Release|Any CPU.ActiveCfg = Release|Any CPU
		{DC5F8E30-F0DA-E70E-374E-238707A39106}.Release|Any CPU.Build.0 = Release|Any CPU
	EndGlobalSection
	GlobalSection(SolutionProperties) = preSolution
		HideSolutionNode = FALSE
	EndGlobalSection
EndGlobal
